
Microsoft Visual Studio Solution File, Format Version 12.00
# Visual Studio Version 17
VisualStudioVersion = 17.14.36310.24 d17.14
MinimumVisualStudioVersion = 10.0.40219.1
Project("{8BC9CEB8-8B4A-11D0-8D11-00A0C91BC942}") = "mouseRAT-client", "mouseRAT-client\mouseRAT-client.vcxproj", "{F7D63B56-5A9B-402F-B351-AE12987F72CD}"
EndProject
Global
	GlobalSection(SolutionConfigurationPlatforms) = preSolution
		Debug|x64 = Debug|x64
		Debug|x86 = Debug|x86
		Release|x64 = Release|x64
		Release|x86 = Release|x86
	EndGlobalSection
	GlobalSection(ProjectConfigurationPlatforms) = postSolution
		{F7D63B56-5A9B-402F-B351-AE12987F72CD}.Debug|x64.ActiveCfg = Debug|x64
		{F7D63B56-5A9B-402F-B351-AE12987F72CD}.Debug|x64.Build.0 = Debug|x64
		{F7D63B56-5A9B-402F-B351-AE12987F72CD}.Debug|x86.ActiveCfg = Debug|Win32
		{F7D63B56-5A9B-402F-B351-AE12987F72CD}.Debug|x86.Build.0 = Debug|Win32
		{F7D63B56-5A9B-402F-B351-AE12987F72CD}.Release|x64.ActiveCfg = Release|x64
		{F7D63B56-5A9B-402F-B351-AE12987F72CD}.Release|x64.Build.0 = Release|x64
		{F7D63B56-5A9B-402F-B351-AE12987F72CD}.Release|x86.ActiveCfg = Release|Win32
		{F7D63B56-5A9B-402F-B351-AE12987F72CD}.Release|x86.Build.0 = Release|Win32
	EndGlobalSection
	GlobalSection(SolutionProperties) = preSolution
		HideSolutionNode = FALSE
	EndGlobalSection
	GlobalSection(ExtensibilityGlobals) = postSolution
		SolutionGuid = {08DDF329-E97B-424C-A1F1-5C6C4124B0BE}
	EndGlobalSection
EndGlobal
